
Microsoft Visual Studio Solution File, Format Version 12.00
# Visual Studio Version 17
VisualStudioVersion = 17.3.32901.215
MinimumVisualStudioVersion = 10.0.40219.1
Project("{9A19103F-16F7-4668-BE54-9A1E7A4F7556}") = "PollyWebApp", "PollyWebApp\PollyWebApp.csproj", "{DC5AEDAA-C2F6-42E5-993E-D3433C11987A}"
EndProject
Project("{9A19103F-16F7-4668-BE54-9A1E7A4F7556}") = "PollyWebApi", "PollyWebApi\PollyWebApi.csproj", "{5F499FCC-8129-4187-89D1-C50DE32C3BC7}"
EndProject
Project("{2150E333-8FDC-42A3-9474-1A3956D46DE8}") = "Solution Items", "Solution Items", "{6FB2C0FA-23DC-4651-AFE2-81B9F44FFCCB}"
	ProjectSection(SolutionItems) = preProject
		.gitattributes = .gitattributes
		.gitignore = .gitignore
		MultipleStartupProjects.jpg = MultipleStartupProjects.jpg
		README.md = README.md
		NavigatingTheUI.jpg = NavigatingTheUI.jpg
	EndProjectSection
EndProject
Global
	GlobalSection(SolutionConfigurationPlatforms) = preSolution
		Debug|Any CPU = Debug|Any CPU
		Release|Any CPU = Release|Any CPU
	EndGlobalSection
	GlobalSection(ProjectConfigurationPlatforms) = postSolution
		{DC5AEDAA-C2F6-42E5-993E-D3433C11987A}.Debug|Any CPU.ActiveCfg = Debug|Any CPU
		{DC5AEDAA-C2F6-42E5-993E-D3433C11987A}.Debug|Any CPU.Build.0 = Debug|Any CPU
		{DC5AEDAA-C2F6-42E5-993E-D3433C11987A}.Release|Any CPU.ActiveCfg = Release|Any CPU
		{DC5AEDAA-C2F6-42E5-993E-D3433C11987A}.Release|Any CPU.Build.0 = Release|Any CPU
		{5F499FCC-8129-4187-89D1-C50DE32C3BC7}.Debug|Any CPU.ActiveCfg = Debug|Any CPU
		{5F499FCC-8129-4187-89D1-C50DE32C3BC7}.Debug|Any CPU.Build.0 = Debug|Any CPU
		{5F499FCC-8129-4187-89D1-C50DE32C3BC7}.Release|Any CPU.ActiveCfg = Release|Any CPU
		{5F499FCC-8129-4187-89D1-C50DE32C3BC7}.Release|Any CPU.Build.0 = Release|Any CPU
	EndGlobalSection
	GlobalSection(SolutionProperties) = preSolution
		HideSolutionNode = FALSE
	EndGlobalSection
	GlobalSection(ExtensibilityGlobals) = postSolution
		SolutionGuid = {DA9D6C88-273E-400C-BF63-AF976B55C6C5}
	EndGlobalSection
EndGlobal
